
Microsoft Visual Studio Solution File, Format Version 12.00
# Visual Studio Version 17
VisualStudioVersion = 17.1.32407.343
MinimumVisualStudioVersion = 10.0.40219.1
Project("{FAE04EC0-301F-11D3-BF4B-00C04F79EFBC}") = "HotelListing.API", "HotelListing.API\HotelListing.API.csproj", "{F2426956-BA12-4DC7-A945-8574CDD4A83F}"
EndProject
Global
	GlobalSection(SolutionConfigurationPlatforms) = preSolution
		Debug|Any CPU = Debug|Any CPU
		Release|Any CPU = Release|Any CPU
	EndGlobalSection
	GlobalSection(ProjectConfigurationPlatforms) = postSolution
		{F2426956-BA12-4DC7-A945-8574CDD4A83F}.Debug|Any CPU.ActiveCfg = Debug|Any CPU
		{F2426956-BA12-4DC7-A945-8574CDD4A83F}.Debug|Any CPU.Build.0 = Debug|Any CPU
		{F2426956-BA12-4DC7-A945-8574CDD4A83F}.Release|Any CPU.ActiveCfg = Release|Any CPU
		{F2426956-BA12-4DC7-A945-8574CDD4A83F}.Release|Any CPU.Build.0 = Release|Any CPU
	EndGlobalSection
	GlobalSection(SolutionProperties) = preSolution
		HideSolutionNode = FALSE
	EndGlobalSection
	GlobalSection(ExtensibilityGlobals) = postSolution
		SolutionGuid = {D219C80F-3F5D-489D-8783-3215A7255FCB}
	EndGlobalSection
EndGlobal
